
Microsoft Visual Studio Solution File, Format Version 12.00
# Visual Studio 15
VisualStudioVersion = 15.0.28010.2036
MinimumVisualStudioVersion = 10.0.40219.1
Project("{FAE04EC0-301F-11D3-BF4B-00C04F79EFBC}") = "ApiTaskSchedule", "ApiTaskSchedule\ApiTaskSchedule.csproj", "{3E62B6DD-B414-44BC-8D46-4B4603F0C762}"
EndProject
Global
	GlobalSection(SolutionConfigurationPlatforms) = preSolution
		Debug|Any CPU = Debug|Any CPU
		Release|Any CPU = Release|Any CPU
	EndGlobalSection
	GlobalSection(ProjectConfigurationPlatforms) = postSolution
		{3E62B6DD-B414-44BC-8D46-4B4603F0C762}.Debug|Any CPU.ActiveCfg = Debug|Any CPU
		{3E62B6DD-B414-44BC-8D46-4B4603F0C762}.Debug|Any CPU.Build.0 = Debug|Any CPU
		{3E62B6DD-B414-44BC-8D46-4B4603F0C762}.Release|Any CPU.ActiveCfg = Release|Any CPU
		{3E62B6DD-B414-44BC-8D46-4B4603F0C762}.Release|Any CPU.Build.0 = Release|Any CPU
	EndGlobalSection
	GlobalSection(SolutionProperties) = preSolution
		HideSolutionNode = FALSE
	EndGlobalSection
	GlobalSection(ExtensibilityGlobals) = postSolution
		SolutionGuid = {3E7768E8-B507-45E2-814A-5957AC114B9C}
	EndGlobalSection
EndGlobal
